
Microsoft Visual Studio Solution File, Format Version 12.00
# Visual Studio Version 17
VisualStudioVersion = 17.9.34701.34
MinimumVisualStudioVersion = 10.0.40219.1
Project("{FAE04EC0-301F-11D3-BF4B-00C04F79EFBC}") = "MovieBooking", "MovieBooking\MovieBooking.csproj", "{ECCFB5A2-7772-40C0-831C-A3CE5CF70881}"
EndProject
Global
	GlobalSection(SolutionConfigurationPlatforms) = preSolution
		Debug|Any CPU = Debug|Any CPU
		Release|Any CPU = Release|Any CPU
	EndGlobalSection
	GlobalSection(ProjectConfigurationPlatforms) = postSolution
		{ECCFB5A2-7772-40C0-831C-A3CE5CF70881}.Debug|Any CPU.ActiveCfg = Debug|Any CPU
		{ECCFB5A2-7772-40C0-831C-A3CE5CF70881}.Debug|Any CPU.Build.0 = Debug|Any CPU
		{ECCFB5A2-7772-40C0-831C-A3CE5CF70881}.Release|Any CPU.ActiveCfg = Release|Any CPU
		{ECCFB5A2-7772-40C0-831C-A3CE5CF70881}.Release|Any CPU.Build.0 = Release|Any CPU
	EndGlobalSection
	GlobalSection(SolutionProperties) = preSolution
		HideSolutionNode = FALSE
	EndGlobalSection
	GlobalSection(ExtensibilityGlobals) = postSolution
		SolutionGuid = {DE7B739C-8047-4F77-AAD5-DEFABC208A9E}
	EndGlobalSection
EndGlobal
